NeoBundleLock vim-css-color fb725aa7f6fbd0ce38f9e952c4064a924c6317c7
NeoBundleLock emmet-vim 485abffe6c124153481058c82c3e0db28ef33f22
NeoBundleLock syntastic 64cce208388c10debd5b150de08d9be371bd0e86
NeoBundleLock neobundle.vim 4a3bb7fb323b62f571c22ff15139fe996dc60ac8
NeoBundleLock vim-go de3aeea5fd3697401e1a2dee0e839da7d3fb5ced
NeoBundleLock vim-airline 246c217562dfd8541ee0d64600a628daa4195dd2
NeoBundleLock tcomment_vim 6175e8310cf0fdda9452aacb69b1162679e5d388
NeoBundleLock ctrlp.vim b5d3fe66a58a13d2ff8b6391f4387608496a030f
NeoBundleLock neocomplete.vim a6e4dfc40ab0acbcc99e88f57f464dfe0e790682
NeoBundleLock tabular 60f25648814f0695eeb6c1040d97adca93c4e0bb
