NeoBundleLock tabular 60f25648814f0695eeb6c1040d97adca93c4e0bb
NeoBundleLock syntastic 77c125170aa6b8c553d58f876021b0cedd8ac820
NeoBundleLock neobundle.vim 816d21d99a071cc86ba2ffbb4679dde3b764bed7
NeoBundleLock vim-go 9b644da9d8f6cf4a1518e592082822c05dddfea6
NeoBundleLock vim-airline 616daceb735771ed27535abe8a6e4907320f1e82
NeoBundleLock nerdtree 4f1e6ecb057fc0bac189171c1430d71ef25f6bb1
NeoBundleLock neocomplcache.vim 237442924ac366015e6e0a8a13a31ac37be0c696
NeoBundleLock vim-autoformat 3038a4e3b988b9133b4941321f9a0c09beacd477
