NeoBundleLock ctrlp.vim b5d3fe66a58a13d2ff8b6391f4387608496a030f
NeoBundleLock emmet-vim c6e11d22dc9c66a727619362097e97f4c80c53ae
NeoBundleLock neobundle.vim b9ce3904b44af0907c3621a172a0ee5c31a5556f
NeoBundleLock neocomplete.vim b3e0e729271b4910ec0c54d15932792031a6be26
NeoBundleLock nerdtree 3b98a7fcae8f9fff356907171f0406ff8cd28921
NeoBundleLock syntastic 6b76c26cbaa2565387b62c7a7af9a56402dcf297
NeoBundleLock tabular 60f25648814f0695eeb6c1040d97adca93c4e0bb
NeoBundleLock tcomment_vim 2a7fa3b98d7538017f2b2068b8c2661ef884de47
NeoBundleLock vim-airline 446397e006d8cba9e1ac38d8c656ba39218c139b
NeoBundleLock vim-autoformat b25b08fd5f1ac067d43192426b55cebe91ad109a
NeoBundleLock vim-css-color e44b2b983b39e63a92660385791c5fe8e3dedb5d
NeoBundleLock vim-go 9873348f1d28fb20ed0c7cd7bb5ebaf549ad63f2
NeoBundleLock vim-jade 5f907c23e9625c3353245777d570558ee7e54345
NeoBundleLock vim-nodejs-complete 04ce9b6cba45fc8b847ef53a0c014d1f0d371ee8
